
Microsoft Visual Studio Solution File, Format Version 12.00
# Visual Studio Version 17
VisualStudioVersion = 17.7.34024.191
MinimumVisualStudioVersion = 10.0.40219.1
Project("{F2A71F9B-5D33-465A-A702-920D77279786}") = "ConsoleApp7", "ConsoleApp7\ConsoleApp7.fsproj", "{A9F37368-15CF-4A15-B29C-3C61BA1067EA}"
EndProject
Global
	GlobalSection(SolutionConfigurationPlatforms) = preSolution
		Debug|Any CPU = Debug|Any CPU
		Release|Any CPU = Release|Any CPU
	EndGlobalSection
	GlobalSection(ProjectConfigurationPlatforms) = postSolution
		{A9F37368-15CF-4A15-B29C-3C61BA1067EA}.Debug|Any CPU.ActiveCfg = Debug|Any CPU
		{A9F37368-15CF-4A15-B29C-3C61BA1067EA}.Debug|Any CPU.Build.0 = Debug|Any CPU
		{A9F37368-15CF-4A15-B29C-3C61BA1067EA}.Release|Any CPU.ActiveCfg = Release|Any CPU
		{A9F37368-15CF-4A15-B29C-3C61BA1067EA}.Release|Any CPU.Build.0 = Release|Any CPU
	EndGlobalSection
	GlobalSection(SolutionProperties) = preSolution
		HideSolutionNode = FALSE
	EndGlobalSection
	GlobalSection(ExtensibilityGlobals) = postSolution
		SolutionGuid = {39BE8CF2-EDA9-48DA-AA1E-AD35C3EA802A}
	EndGlobalSection
EndGlobal
