
Microsoft Visual Studio Solution File, Format Version 12.00
# Visual Studio Version 17
VisualStudioVersion = 17.7.34024.191
MinimumVisualStudioVersion = 10.0.40219.1
Project("{F2A71F9B-5D33-465A-A702-920D77279786}") = "ConsoleApp6", "ConsoleApp6\ConsoleApp6.fsproj", "{D501CA5A-5A61-4E9D-A6A4-77305E0B61BB}"
EndProject
Global
	GlobalSection(SolutionConfigurationPlatforms) = preSolution
		Debug|Any CPU = Debug|Any CPU
		Release|Any CPU = Release|Any CPU
	EndGlobalSection
	GlobalSection(ProjectConfigurationPlatforms) = postSolution
		{D501CA5A-5A61-4E9D-A6A4-77305E0B61BB}.Debug|Any CPU.ActiveCfg = Debug|Any CPU
		{D501CA5A-5A61-4E9D-A6A4-77305E0B61BB}.Debug|Any CPU.Build.0 = Debug|Any CPU
		{D501CA5A-5A61-4E9D-A6A4-77305E0B61BB}.Release|Any CPU.ActiveCfg = Release|Any CPU
		{D501CA5A-5A61-4E9D-A6A4-77305E0B61BB}.Release|Any CPU.Build.0 = Release|Any CPU
	EndGlobalSection
	GlobalSection(SolutionProperties) = preSolution
		HideSolutionNode = FALSE
	EndGlobalSection
	GlobalSection(ExtensibilityGlobals) = postSolution
		SolutionGuid = {5C3D8C00-472F-433B-B339-AA4C563E8E93}
	EndGlobalSection
EndGlobal
