
Microsoft Visual Studio Solution File, Format Version 12.00
# Visual Studio Version 17
VisualStudioVersion = 17.7.34024.191
MinimumVisualStudioVersion = 10.0.40219.1
Project("{FAE04EC0-301F-11D3-BF4B-00C04F79EFBC}") = "laba6.2(3)", "laba6.2(3)\laba6.2(3).csproj", "{994B76F3-9ABC-4641-BFEA-0185B54DFEAF}"
EndProject
Global
	GlobalSection(SolutionConfigurationPlatforms) = preSolution
		Debug|Any CPU = Debug|Any CPU
		Release|Any CPU = Release|Any CPU
	EndGlobalSection
	GlobalSection(ProjectConfigurationPlatforms) = postSolution
		{994B76F3-9ABC-4641-BFEA-0185B54DFEAF}.Debug|Any CPU.ActiveCfg = Debug|Any CPU
		{994B76F3-9ABC-4641-BFEA-0185B54DFEAF}.Debug|Any CPU.Build.0 = Debug|Any CPU
		{994B76F3-9ABC-4641-BFEA-0185B54DFEAF}.Release|Any CPU.ActiveCfg = Release|Any CPU
		{994B76F3-9ABC-4641-BFEA-0185B54DFEAF}.Release|Any CPU.Build.0 = Release|Any CPU
	EndGlobalSection
	GlobalSection(SolutionProperties) = preSolution
		HideSolutionNode = FALSE
	EndGlobalSection
	GlobalSection(ExtensibilityGlobals) = postSolution
		SolutionGuid = {88340228-1BE3-439F-85F5-62D37FA9F276}
	EndGlobalSection
EndGlobal
