
Microsoft Visual Studio Solution File, Format Version 12.00
# Visual Studio Version 17
VisualStudioVersion = 17.7.34024.191
MinimumVisualStudioVersion = 10.0.40219.1
Project("{FAE04EC0-301F-11D3-BF4B-00C04F79EFBC}") = "laba8", "laba8\laba8.csproj", "{D21DC369-94FE-4E1E-BC98-BEBF80CA18A0}"
EndProject
Global
	GlobalSection(SolutionConfigurationPlatforms) = preSolution
		Debug|Any CPU = Debug|Any CPU
		Release|Any CPU = Release|Any CPU
	EndGlobalSection
	GlobalSection(ProjectConfigurationPlatforms) = postSolution
		{D21DC369-94FE-4E1E-BC98-BEBF80CA18A0}.Debug|Any CPU.ActiveCfg = Debug|Any CPU
		{D21DC369-94FE-4E1E-BC98-BEBF80CA18A0}.Debug|Any CPU.Build.0 = Debug|Any CPU
		{D21DC369-94FE-4E1E-BC98-BEBF80CA18A0}.Release|Any CPU.ActiveCfg = Release|Any CPU
		{D21DC369-94FE-4E1E-BC98-BEBF80CA18A0}.Release|Any CPU.Build.0 = Release|Any CPU
	EndGlobalSection
	GlobalSection(SolutionProperties) = preSolution
		HideSolutionNode = FALSE
	EndGlobalSection
	GlobalSection(ExtensibilityGlobals) = postSolution
		SolutionGuid = {E7CA2949-093F-46FE-A186-87EF7D757044}
	EndGlobalSection
EndGlobal
